
Microsoft Visual Studio Solution File, Format Version 12.00
# Visual Studio Version 16
VisualStudioVersion = 16.0.35826.135
MinimumVisualStudioVersion = 10.0.40219.1
Project("{FAE04EC0-301F-11D3-BF4B-00C04F79EFBC}") = "CSharp_Training", "CSharp_Training.csproj", "{0668A11B-FE45-4815-8699-AEE4D9D04736}"
EndProject
Global
	GlobalSection(SolutionConfigurationPlatforms) = preSolution
		Debug|Any CPU = Debug|Any CPU
		Release|Any CPU = Release|Any CPU
	EndGlobalSection
	GlobalSection(ProjectConfigurationPlatforms) = postSolution
		{0668A11B-FE45-4815-8699-AEE4D9D04736}.Debug|Any CPU.ActiveCfg = Debug|Any CPU
		{0668A11B-FE45-4815-8699-AEE4D9D04736}.Debug|Any CPU.Build.0 = Debug|Any CPU
		{0668A11B-FE45-4815-8699-AEE4D9D04736}.Release|Any CPU.ActiveCfg = Release|Any CPU
		{0668A11B-FE45-4815-8699-AEE4D9D04736}.Release|Any CPU.Build.0 = Release|Any CPU
	EndGlobalSection
	GlobalSection(SolutionProperties) = preSolution
		HideSolutionNode = FALSE
	EndGlobalSection
	GlobalSection(ExtensibilityGlobals) = postSolution
		SolutionGuid = {3608DBD0-32CD-459A-B3BB-B8231B32FE69}
	EndGlobalSection
EndGlobal
